
Microsoft Visual Studio Solution File, Format Version 12.00
# Visual Studio 15
VisualStudioVersion = 15.0.27004.2006
MinimumVisualStudioVersion = 10.0.40219.1
Project("{8BC9CEB8-8B4A-11D0-8D11-00A0C91BC942}") = "FBXexporter", "FBXexporter\FBXexporter.vcxproj", "{07B3A7AA-8757-409F-9FFE-4AC0CED1DE05}"
EndProject
Global
	GlobalSection(SolutionConfigurationPlatforms) = preSolution
		Debug|x64 = Debug|x64
		Debug|x86 = Debug|x86
		Release|x64 = Release|x64
		Release|x86 = Release|x86
	EndGlobalSection
	GlobalSection(ProjectConfigurationPlatforms) = postSolution
		{07B3A7AA-8757-409F-9FFE-4AC0CED1DE05}.Debug|x64.ActiveCfg = Debug|x64
		{07B3A7AA-8757-409F-9FFE-4AC0CED1DE05}.Debug|x64.Build.0 = Debug|x64
		{07B3A7AA-8757-409F-9FFE-4AC0CED1DE05}.Debug|x86.ActiveCfg = Debug|Win32
		{07B3A7AA-8757-409F-9FFE-4AC0CED1DE05}.Debug|x86.Build.0 = Debug|Win32
		{07B3A7AA-8757-409F-9FFE-4AC0CED1DE05}.Release|x64.ActiveCfg = Release|x64
		{07B3A7AA-8757-409F-9FFE-4AC0CED1DE05}.Release|x64.Build.0 = Release|x64
		{07B3A7AA-8757-409F-9FFE-4AC0CED1DE05}.Release|x86.ActiveCfg = Release|Win32
		{07B3A7AA-8757-409F-9FFE-4AC0CED1DE05}.Release|x86.Build.0 = Release|Win32
	EndGlobalSection
	GlobalSection(SolutionProperties) = preSolution
		HideSolutionNode = FALSE
	EndGlobalSection
	GlobalSection(ExtensibilityGlobals) = postSolution
		SolutionGuid = {50C0DC18-7DB7-4E18-8FFA-75F8012C2F4B}
	EndGlobalSection
EndGlobal
