<?xml version="1.0" encoding="utf-8"?>
<Project ToolsVersion="4.0" xmlns="http://schemas.microsoft.com/developer/msbuild/2003">
  <ItemGroup>
    <Filter Include="소스 파일">
      <UniqueIdentifier>{4FC737F1-C7A5-4376-A066-2A32D752A2FF}</UniqueIdentifier>
      <Extensions>cpp;c;cc;cxx;def;odl;idl;hpj;bat;asm;asmx</Extensions>
    </Filter>
    <Filter Include="리소스 파일">
      <UniqueIdentifier>{67DA6AB6-F800-4c08-8B7A-83BB121AAD01}</UniqueIdentifier>
      <Extensions>rc;ico;cur;bmp;dlg;rc2;rct;bin;rgs;gif;jpg;jpeg;jpe;resx;tiff;tif;png;wav;mfcribbon-ms</Extensions>
    </Filter>
    <Filter Include="소스 파일\Shader">
      <UniqueIdentifier>{7e1a97ce-ab1d-42c4-8214-d56ee478fd76}</UniqueIdentifier>
    </Filter>
    <Filter Include="소스 파일\Scene">
      <UniqueIdentifier>{862ddb8f-d4f9-451d-b332-124a343ebc54}</UniqueIdentifier>
    </Filter>
    <Filter Include="소스 파일\Object">
      <UniqueIdentifier>{b95a8e34-59a2-46ec-9039-9c2d594c4d4b}</UniqueIdentifier>
    </Filter>
    <Filter Include="소스 파일\Mesh">
      <UniqueIdentifier>{5bb2cce1-7a0b-46e6-af9a-a78cdaded512}</UniqueIdentifier>
    </Filter>
    <Filter Include="소스 파일\Timer">
      <UniqueIdentifier>{a958f9fc-468e-4a37-9d67-6f5dd382b6fb}</UniqueIdentifier>
    </Filter>
    <Filter Include="소스 파일\Main">
      <UniqueIdentifier>{309d4eea-e2f9-4bc0-b08d-af536b057239}</UniqueIdentifier>
    </Filter>
    <Filter Include="소스 파일\Global">
      <UniqueIdentifier>{1300fe0a-e42c-46bb-a9bb-063a854dbfed}</UniqueIdentifier>
    </Filter>
    <Filter Include="소스 파일\Frame">
      <UniqueIdentifier>{83a2dbfc-37d6-4762-877a-5ced844babce}</UniqueIdentifier>
    </Filter>
    <Filter Include="소스 파일\Exception">
      <UniqueIdentifier>{e9c70463-4e83-45d6-ac38-91c3fba4507b}</UniqueIdentifier>
    </Filter>
    <Filter Include="Camera">
      <UniqueIdentifier>{9c3dddcc-f41f-41e5-844e-563c50b9b593}</UniqueIdentifier>
    </Filter>
  </ItemGroup>
  <ItemGroup>
    <ClInclude Include="Shader.h">
      <Filter>소스 파일\Shader</Filter>
    </ClInclude>
    <ClInclude Include="Scene.h">
      <Filter>소스 파일\Scene</Filter>
    </ClInclude>
    <ClInclude Include="Camera.h">
      <Filter>Camera</Filter>
    </ClInclude>
    <ClInclude Include="GameObject.h">
      <Filter>소스 파일\Object</Filter>
    </ClInclude>
    <ClInclude Include="Mesh.h">
      <Filter>소스 파일\Mesh</Filter>
    </ClInclude>
    <ClInclude Include="Timer.h">
      <Filter>소스 파일\Timer</Filter>
    </ClInclude>
    <ClInclude Include="TesselationTestCode.h">
      <Filter>소스 파일\Main</Filter>
    </ClInclude>
    <ClInclude Include="targetver.h">
      <Filter>소스 파일\Global</Filter>
    </ClInclude>
    <ClInclude Include="stdafx.h">
      <Filter>소스 파일\Global</Filter>
    </ClInclude>
    <ClInclude Include="Resource.h">
      <Filter>리소스 파일</Filter>
    </ClInclude>
    <ClInclude Include="GameFramework.h">
      <Filter>소스 파일\Frame</Filter>
    </ClInclude>
    <ClInclude Include="ExptProcess.h">
      <Filter>소스 파일\Exception</Filter>
    </ClInclude>
  </ItemGroup>
  <ItemGroup>
    <ClCompile Include="Shader.cpp">
      <Filter>소스 파일\Shader</Filter>
    </ClCompile>
    <ClCompile Include="Scene.cpp">
      <Filter>소스 파일\Scene</Filter>
    </ClCompile>
    <ClCompile Include="Camera.cpp">
      <Filter>Camera</Filter>
    </ClCompile>
    <ClCompile Include="GameObject.cpp">
      <Filter>소스 파일\Object</Filter>
    </ClCompile>
    <ClCompile Include="Mesh.cpp">
      <Filter>소스 파일\Mesh</Filter>
    </ClCompile>
    <ClCompile Include="Timer.cpp">
      <Filter>소스 파일\Timer</Filter>
    </ClCompile>
    <ClCompile Include="TesselationTestCode.cpp">
      <Filter>소스 파일\Main</Filter>
    </ClCompile>
    <ClCompile Include="stdafx.cpp">
      <Filter>소스 파일\Global</Filter>
    </ClCompile>
    <ClCompile Include="GameFramework.cpp">
      <Filter>소스 파일\Frame</Filter>
    </ClCompile>
    <ClCompile Include="ExptProcess.cpp">
      <Filter>소스 파일\Exception</Filter>
    </ClCompile>
  </ItemGroup>
  <ItemGroup>
    <ResourceCompile Include="TesselationTestCode.rc">
      <Filter>리소스 파일</Filter>
    </ResourceCompile>
  </ItemGroup>
  <ItemGroup>
    <Image Include="small.ico">
      <Filter>리소스 파일</Filter>
    </Image>
    <Image Include="TesselationTestCode.ico">
      <Filter>리소스 파일</Filter>
    </Image>
  </ItemGroup>
  <ItemGroup>
    <CustomBuild Include="Shaders.hlsl">
      <Filter>소스 파일\Shader</Filter>
    </CustomBuild>
  </ItemGroup>
</Project>